# THIS IS AN AUTOGENERATED FILE. DO NOT EDIT THIS FILE DIRECTLY.
# yarn lockfile v1


"@fidm/asn1@^1.0.4":
  version "1.0.4"
  resolved "https://registry.yarnpkg.com/@fidm/asn1/-/asn1-1.0.4.tgz#afbf9f10a0cb83aca2114c6f59a97dd48eb7dd84"
  integrity sha512-esd1jyNvRb2HVaQGq2Gg8Z0kbQPXzV9Tq5Z14KNIov6KfFD6PTaRIO8UpcsYiTNzOqJpmyzWgVTrUwFV3UF4TQ==

"@fidm/x509@^1.2.1":
  version "1.2.1"
  resolved "https://registry.yarnpkg.com/@fidm/x509/-/x509-1.2.1.tgz#ae546a661005d776cc4dca674b399c1132c1e0e4"
  integrity sha512-nwc2iesjyc9hkuzcrMCBXQRn653XuAUKorfWM8PZyJawiy1QzLj4vahwzaI25+pfpwOLvMzbJ0uKpWLDNmo16w==
  dependencies:
    "@fidm/asn1" "^1.0.4"
    tweetnacl "^1.0.1"

tweetnacl@^1.0.1:
  version "1.0.3"
  resolved "https://registry.yarnpkg.com/tweetnacl/-/tweetnacl-1.0.3.tgz#ac0af71680458d8a6378d0d0d050ab1407d35596"
  integrity sha512-6rt+RN7aOi1nGMyC4Xa5DdYiukl2UWCbcJft7YhxReBGQD7OAM8Pbxw6YMo4r2diNEA8FEmu32YOn9rhaiE5yw==
